
Microsoft Visual Studio Solution File, Format Version 12.00
# Visual Studio 15
VisualStudioVersion = 15.0.26403.7
MinimumVisualStudioVersion = 10.0.40219.1
Project("{A07B5EB6-E848-4116-A8D0-A826331D98C6}") = "GettingStartedApplication", "GettingStartedApplication\GettingStartedApplication.sfproj", "{238FD6AF-5EC7-4D5F-AB77-CFA6F85B16FA}"
	ProjectSection(ProjectDependencies) = postProject
		{49E73BBD-A3FA-46F3-8314-73417C972F68} = {49E73BBD-A3FA-46F3-8314-73417C972F68}
		{AFA658C2-2ED3-490A-9C6A-B1C579CAA941} = {AFA658C2-2ED3-490A-9C6A-B1C579CAA941}
	EndProjectSection
EndProject
Project("{9A19103F-16F7-4668-BE54-9A1E7A4F7556}") = "WebService", "WebService\WebService.csproj", "{DED0E2BF-1236-4A55-A109-9A77341141B3}"
EndProject
Project("{FAE04EC0-301F-11D3-BF4B-00C04F79EFBC}") = "StatelessBackendService", "StatelessBackendService\StatelessBackendService.csproj", "{32CEC6CD-A819-4A94-AA72-A173F7093BBF}"
EndProject
Project("{FAE04EC0-301F-11D3-BF4B-00C04F79EFBC}") = "ActorBackendService", "ActorBackendService\ActorBackendService.csproj", "{07501716-D7C6-4B1D-BD39-AFDFFF2B393F}"
EndProject
Project("{FAE04EC0-301F-11D3-BF4B-00C04F79EFBC}") = "ActorBackendService.Interfaces", "ActorBackendService.Interfaces\ActorBackendService.Interfaces.csproj", "{AFA658C2-2ED3-490A-9C6A-B1C579CAA941}"
EndProject
Project("{FAE04EC0-301F-11D3-BF4B-00C04F79EFBC}") = "StatelessBackendService.Interfaces", "StatelessBackendService.Interfaces\StatelessBackendService.Interfaces.csproj", "{49E73BBD-A3FA-46F3-8314-73417C972F68}"
EndProject
Project("{9A19103F-16F7-4668-BE54-9A1E7A4F7556}") = "StatefulBackendService", "StatefulBackendService\StatefulBackendService.csproj", "{8CD4EAA3-0100-4504-91C4-2EC486BCF953}"
EndProject
Global
	GlobalSection(SolutionConfigurationPlatforms) = preSolution
		Debug|x64 = Debug|x64
		Release|x64 = Release|x64
	EndGlobalSection
	GlobalSection(ProjectConfigurationPlatforms) = postSolution
		{238FD6AF-5EC7-4D5F-AB77-CFA6F85B16FA}.Debug|x64.ActiveCfg = Debug|x64
		{238FD6AF-5EC7-4D5F-AB77-CFA6F85B16FA}.Debug|x64.Build.0 = Debug|x64
		{238FD6AF-5EC7-4D5F-AB77-CFA6F85B16FA}.Debug|x64.Deploy.0 = Debug|x64
		{238FD6AF-5EC7-4D5F-AB77-CFA6F85B16FA}.Release|x64.ActiveCfg = Release|x64
		{238FD6AF-5EC7-4D5F-AB77-CFA6F85B16FA}.Release|x64.Build.0 = Release|x64
		{238FD6AF-5EC7-4D5F-AB77-CFA6F85B16FA}.Release|x64.Deploy.0 = Release|x64
		{DED0E2BF-1236-4A55-A109-9A77341141B3}.Debug|x64.ActiveCfg = Debug|Any CPU
		{DED0E2BF-1236-4A55-A109-9A77341141B3}.Debug|x64.Build.0 = Debug|Any CPU
		{DED0E2BF-1236-4A55-A109-9A77341141B3}.Release|x64.ActiveCfg = Release|Any CPU
		{DED0E2BF-1236-4A55-A109-9A77341141B3}.Release|x64.Build.0 = Release|Any CPU
		{32CEC6CD-A819-4A94-AA72-A173F7093BBF}.Debug|x64.ActiveCfg = Debug|x64
		{32CEC6CD-A819-4A94-AA72-A173F7093BBF}.Debug|x64.Build.0 = Debug|x64
		{32CEC6CD-A819-4A94-AA72-A173F7093BBF}.Release|x64.ActiveCfg = Release|x64
		{32CEC6CD-A819-4A94-AA72-A173F7093BBF}.Release|x64.Build.0 = Release|x64
		{07501716-D7C6-4B1D-BD39-AFDFFF2B393F}.Debug|x64.ActiveCfg = Debug|x64
		{07501716-D7C6-4B1D-BD39-AFDFFF2B393F}.Debug|x64.Build.0 = Debug|x64
		{07501716-D7C6-4B1D-BD39-AFDFFF2B393F}.Release|x64.ActiveCfg = Release|x64
		{07501716-D7C6-4B1D-BD39-AFDFFF2B393F}.Release|x64.Build.0 = Release|x64
		{AFA658C2-2ED3-490A-9C6A-B1C579CAA941}.Debug|x64.ActiveCfg = Debug|x64
		{AFA658C2-2ED3-490A-9C6A-B1C579CAA941}.Debug|x64.Build.0 = Debug|x64
		{AFA658C2-2ED3-490A-9C6A-B1C579CAA941}.Release|x64.ActiveCfg = Release|x64
		{AFA658C2-2ED3-490A-9C6A-B1C579CAA941}.Release|x64.Build.0 = Release|x64
		{49E73BBD-A3FA-46F3-8314-73417C972F68}.Debug|x64.ActiveCfg = Debug|x64
		{49E73BBD-A3FA-46F3-8314-73417C972F68}.Debug|x64.Build.0 = Debug|x64
		{49E73BBD-A3FA-46F3-8314-73417C972F68}.Release|x64.ActiveCfg = Release|x64
		{49E73BBD-A3FA-46F3-8314-73417C972F68}.Release|x64.Build.0 = Release|x64
		{8CD4EAA3-0100-4504-91C4-2EC486BCF953}.Debug|x64.ActiveCfg = Debug|Any CPU
		{8CD4EAA3-0100-4504-91C4-2EC486BCF953}.Debug|x64.Build.0 = Debug|Any CPU
		{8CD4EAA3-0100-4504-91C4-2EC486BCF953}.Release|x64.ActiveCfg = Release|Any CPU
		{8CD4EAA3-0100-4504-91C4-2EC486BCF953}.Release|x64.Build.0 = Release|Any CPU
	EndGlobalSection
	GlobalSection(SolutionProperties) = preSolution
		HideSolutionNode = FALSE
	EndGlobalSection
EndGlobal
