
Microsoft Visual Studio Solution File, Format Version 12.00
# Visual Studio Version 17
VisualStudioVersion = 17.9.34728.123
MinimumVisualStudioVersion = 10.0.40219.1
Project("{A07B5EB6-E848-4116-A8D0-A826331D98C6}") = "GettingStartedApplication", "GettingStartedApplication\GettingStartedApplication.sfproj", "{238FD6AF-5EC7-4D5F-AB77-CFA6F85B16FA}"
EndProject
Project("{9A19103F-16F7-4668-BE54-9A1E7A4F7556}") = "WebService", "WebService\WebService.csproj", "{DED0E2BF-1236-4A55-A109-9A77341141B3}"
EndProject
Project("{9A19103F-16F7-4668-BE54-9A1E7A4F7556}") = "StatefulBackendService", "StatefulBackendService\StatefulBackendService.csproj", "{8CD4EAA3-0100-4504-91C4-2EC486BCF953}"
EndProject
Project("{9A19103F-16F7-4668-BE54-9A1E7A4F7556}") = "StatelessBackendService.Interfaces", "StatelessBackendService.InterfacesV2\StatelessBackendService.Interfaces.csproj", "{45F743B4-7C40-40D1-9DD9-2A24EAA7ADA0}"
EndProject
Project("{9A19103F-16F7-4668-BE54-9A1E7A4F7556}") = "StatelessBackendService", "StatelessBackendServiceV2\StatelessBackendService.csproj", "{A37A9201-75D8-4F02-8AD3-275097CAE2DD}"
EndProject
Project("{9A19103F-16F7-4668-BE54-9A1E7A4F7556}") = "ActorBackendService", "ActorBackendServiceV2\ActorBackendService.csproj", "{6423E58E-8293-475E-862B-08D9E070F0DC}"
EndProject
Project("{9A19103F-16F7-4668-BE54-9A1E7A4F7556}") = "ActorBackendService.Interfaces", "ActorBackendService.InterfacesV2\ActorBackendService.Interfaces.csproj", "{4B9E4496-DB69-454C-861D-80D4E22AE586}"
EndProject
Global
	GlobalSection(SolutionConfigurationPlatforms) = preSolution
		Debug|Any CPU = Debug|Any CPU
		Debug|x64 = Debug|x64
		Release|Any CPU = Release|Any CPU
		Release|x64 = Release|x64
	EndGlobalSection
	GlobalSection(ProjectConfigurationPlatforms) = postSolution
		{238FD6AF-5EC7-4D5F-AB77-CFA6F85B16FA}.Debug|Any CPU.ActiveCfg = Debug|Any CPU
		{238FD6AF-5EC7-4D5F-AB77-CFA6F85B16FA}.Debug|Any CPU.Build.0 = Debug|Any CPU
		{238FD6AF-5EC7-4D5F-AB77-CFA6F85B16FA}.Debug|Any CPU.Deploy.0 = Debug|Any CPU
		{238FD6AF-5EC7-4D5F-AB77-CFA6F85B16FA}.Debug|x64.ActiveCfg = Debug|x64
		{238FD6AF-5EC7-4D5F-AB77-CFA6F85B16FA}.Debug|x64.Build.0 = Debug|x64
		{238FD6AF-5EC7-4D5F-AB77-CFA6F85B16FA}.Debug|x64.Deploy.0 = Debug|x64
		{238FD6AF-5EC7-4D5F-AB77-CFA6F85B16FA}.Release|Any CPU.ActiveCfg = Release|Any CPU
		{238FD6AF-5EC7-4D5F-AB77-CFA6F85B16FA}.Release|Any CPU.Build.0 = Release|Any CPU
		{238FD6AF-5EC7-4D5F-AB77-CFA6F85B16FA}.Release|Any CPU.Deploy.0 = Release|Any CPU
		{238FD6AF-5EC7-4D5F-AB77-CFA6F85B16FA}.Release|x64.ActiveCfg = Release|x64
		{238FD6AF-5EC7-4D5F-AB77-CFA6F85B16FA}.Release|x64.Build.0 = Release|x64
		{238FD6AF-5EC7-4D5F-AB77-CFA6F85B16FA}.Release|x64.Deploy.0 = Release|x64
		{DED0E2BF-1236-4A55-A109-9A77341141B3}.Debug|Any CPU.ActiveCfg = Debug|Any CPU
		{DED0E2BF-1236-4A55-A109-9A77341141B3}.Debug|Any CPU.Build.0 = Debug|Any CPU
		{DED0E2BF-1236-4A55-A109-9A77341141B3}.Debug|x64.ActiveCfg = Debug|x64
		{DED0E2BF-1236-4A55-A109-9A77341141B3}.Debug|x64.Build.0 = Debug|x64
		{DED0E2BF-1236-4A55-A109-9A77341141B3}.Release|Any CPU.ActiveCfg = Release|Any CPU
		{DED0E2BF-1236-4A55-A109-9A77341141B3}.Release|Any CPU.Build.0 = Release|Any CPU
		{DED0E2BF-1236-4A55-A109-9A77341141B3}.Release|x64.ActiveCfg = Release|x64
		{DED0E2BF-1236-4A55-A109-9A77341141B3}.Release|x64.Build.0 = Release|x64
		{8CD4EAA3-0100-4504-91C4-2EC486BCF953}.Debug|Any CPU.ActiveCfg = Debug|Any CPU
		{8CD4EAA3-0100-4504-91C4-2EC486BCF953}.Debug|Any CPU.Build.0 = Debug|Any CPU
		{8CD4EAA3-0100-4504-91C4-2EC486BCF953}.Debug|x64.ActiveCfg = Debug|x64
		{8CD4EAA3-0100-4504-91C4-2EC486BCF953}.Debug|x64.Build.0 = Debug|x64
		{8CD4EAA3-0100-4504-91C4-2EC486BCF953}.Release|Any CPU.ActiveCfg = Release|Any CPU
		{8CD4EAA3-0100-4504-91C4-2EC486BCF953}.Release|Any CPU.Build.0 = Release|Any CPU
		{8CD4EAA3-0100-4504-91C4-2EC486BCF953}.Release|x64.ActiveCfg = Release|x64
		{8CD4EAA3-0100-4504-91C4-2EC486BCF953}.Release|x64.Build.0 = Release|x64
		{45F743B4-7C40-40D1-9DD9-2A24EAA7ADA0}.Debug|Any CPU.ActiveCfg = Debug|Any CPU
		{45F743B4-7C40-40D1-9DD9-2A24EAA7ADA0}.Debug|Any CPU.Build.0 = Debug|Any CPU
		{45F743B4-7C40-40D1-9DD9-2A24EAA7ADA0}.Debug|x64.ActiveCfg = Debug|x64
		{45F743B4-7C40-40D1-9DD9-2A24EAA7ADA0}.Debug|x64.Build.0 = Debug|x64
		{45F743B4-7C40-40D1-9DD9-2A24EAA7ADA0}.Release|Any CPU.ActiveCfg = Release|Any CPU
		{45F743B4-7C40-40D1-9DD9-2A24EAA7ADA0}.Release|Any CPU.Build.0 = Release|Any CPU
		{45F743B4-7C40-40D1-9DD9-2A24EAA7ADA0}.Release|x64.ActiveCfg = Release|x64
		{45F743B4-7C40-40D1-9DD9-2A24EAA7ADA0}.Release|x64.Build.0 = Release|x64
		{A37A9201-75D8-4F02-8AD3-275097CAE2DD}.Debug|Any CPU.ActiveCfg = Debug|Any CPU
		{A37A9201-75D8-4F02-8AD3-275097CAE2DD}.Debug|Any CPU.Build.0 = Debug|Any CPU
		{A37A9201-75D8-4F02-8AD3-275097CAE2DD}.Debug|x64.ActiveCfg = Debug|x64
		{A37A9201-75D8-4F02-8AD3-275097CAE2DD}.Debug|x64.Build.0 = Debug|x64
		{A37A9201-75D8-4F02-8AD3-275097CAE2DD}.Release|Any CPU.ActiveCfg = Release|Any CPU
		{A37A9201-75D8-4F02-8AD3-275097CAE2DD}.Release|Any CPU.Build.0 = Release|Any CPU
		{A37A9201-75D8-4F02-8AD3-275097CAE2DD}.Release|x64.ActiveCfg = Release|x64
		{A37A9201-75D8-4F02-8AD3-275097CAE2DD}.Release|x64.Build.0 = Release|x64
		{6423E58E-8293-475E-862B-08D9E070F0DC}.Debug|Any CPU.ActiveCfg = Debug|Any CPU
		{6423E58E-8293-475E-862B-08D9E070F0DC}.Debug|Any CPU.Build.0 = Debug|Any CPU
		{6423E58E-8293-475E-862B-08D9E070F0DC}.Debug|x64.ActiveCfg = Debug|x64
		{6423E58E-8293-475E-862B-08D9E070F0DC}.Debug|x64.Build.0 = Debug|x64
		{6423E58E-8293-475E-862B-08D9E070F0DC}.Release|Any CPU.ActiveCfg = Release|Any CPU
		{6423E58E-8293-475E-862B-08D9E070F0DC}.Release|Any CPU.Build.0 = Release|Any CPU
		{6423E58E-8293-475E-862B-08D9E070F0DC}.Release|x64.ActiveCfg = Release|x64
		{6423E58E-8293-475E-862B-08D9E070F0DC}.Release|x64.Build.0 = Release|x64
		{4B9E4496-DB69-454C-861D-80D4E22AE586}.Debug|Any CPU.ActiveCfg = Debug|Any CPU
		{4B9E4496-DB69-454C-861D-80D4E22AE586}.Debug|Any CPU.Build.0 = Debug|Any CPU
		{4B9E4496-DB69-454C-861D-80D4E22AE586}.Debug|x64.ActiveCfg = Debug|x64
		{4B9E4496-DB69-454C-861D-80D4E22AE586}.Debug|x64.Build.0 = Debug|x64
		{4B9E4496-DB69-454C-861D-80D4E22AE586}.Release|Any CPU.ActiveCfg = Release|Any CPU
		{4B9E4496-DB69-454C-861D-80D4E22AE586}.Release|Any CPU.Build.0 = Release|Any CPU
		{4B9E4496-DB69-454C-861D-80D4E22AE586}.Release|x64.ActiveCfg = Release|x64
		{4B9E4496-DB69-454C-861D-80D4E22AE586}.Release|x64.Build.0 = Release|x64
	EndGlobalSection
	GlobalSection(SolutionProperties) = preSolution
		HideSolutionNode = FALSE
	EndGlobalSection
	GlobalSection(ExtensibilityGlobals) = postSolution
		SolutionGuid = {B041AED3-F23B-4CE6-8CF1-78355AD97BCB}
	EndGlobalSection
EndGlobal
