
Microsoft Visual Studio Solution File, Format Version 12.00
# Visual Studio 14
VisualStudioVersion = 14.0.24720.0
MinimumVisualStudioVersion = 10.0.40219.1
Project("{A07B5EB6-E848-4116-A8D0-A826331D98C6}") = "VisualObjects", "VisualObjects\VisualObjects.sfproj", "{61AE05EE-F68C-46DB-B472-853ABB1F3D37}"
EndProject
Project("{FAE04EC0-301F-11D3-BF4B-00C04F79EFBC}") = "VisualObjects.ActorService", "VisualObjects.ActorService\VisualObjects.ActorService.csproj", "{4DEE858C-5B39-44F2-8D22-26B184493937}"
EndProject
Project("{FAE04EC0-301F-11D3-BF4B-00C04F79EFBC}") = "VisualObjects.Common", "VisualObjects.Common\VisualObjects.Common.csproj", "{6C5A37DB-94DA-4098-BEA0-F86B1A3DFCF3}"
EndProject
Project("{FAE04EC0-301F-11D3-BF4B-00C04F79EFBC}") = "VisualObjects.WebService", "VisualObjects.WebService\VisualObjects.WebService.csproj", "{87E99CB4-CDB0-451B-8B22-3B24C2D3EBF7}"
EndProject
Global
	GlobalSection(SolutionConfigurationPlatforms) = preSolution
		Debug|x64 = Debug|x64
		Release|x64 = Release|x64
	EndGlobalSection
	GlobalSection(ProjectConfigurationPlatforms) = postSolution
		{61AE05EE-F68C-46DB-B472-853ABB1F3D37}.Debug|x64.ActiveCfg = Debug|x64
		{61AE05EE-F68C-46DB-B472-853ABB1F3D37}.Debug|x64.Build.0 = Debug|x64
		{61AE05EE-F68C-46DB-B472-853ABB1F3D37}.Debug|x64.Deploy.0 = Debug|x64
		{61AE05EE-F68C-46DB-B472-853ABB1F3D37}.Release|x64.ActiveCfg = Release|x64
		{61AE05EE-F68C-46DB-B472-853ABB1F3D37}.Release|x64.Build.0 = Release|x64
		{61AE05EE-F68C-46DB-B472-853ABB1F3D37}.Release|x64.Deploy.0 = Release|x64
		{4DEE858C-5B39-44F2-8D22-26B184493937}.Debug|x64.ActiveCfg = Debug|x64
		{4DEE858C-5B39-44F2-8D22-26B184493937}.Debug|x64.Build.0 = Debug|x64
		{4DEE858C-5B39-44F2-8D22-26B184493937}.Release|x64.ActiveCfg = Release|x64
		{4DEE858C-5B39-44F2-8D22-26B184493937}.Release|x64.Build.0 = Release|x64
		{6C5A37DB-94DA-4098-BEA0-F86B1A3DFCF3}.Debug|x64.ActiveCfg = Debug|x64
		{6C5A37DB-94DA-4098-BEA0-F86B1A3DFCF3}.Debug|x64.Build.0 = Debug|x64
		{6C5A37DB-94DA-4098-BEA0-F86B1A3DFCF3}.Release|x64.ActiveCfg = Release|x64
		{6C5A37DB-94DA-4098-BEA0-F86B1A3DFCF3}.Release|x64.Build.0 = Release|x64
		{87E99CB4-CDB0-451B-8B22-3B24C2D3EBF7}.Debug|x64.ActiveCfg = Debug|x64
		{87E99CB4-CDB0-451B-8B22-3B24C2D3EBF7}.Debug|x64.Build.0 = Debug|x64
		{87E99CB4-CDB0-451B-8B22-3B24C2D3EBF7}.Release|x64.ActiveCfg = Release|x64
		{87E99CB4-CDB0-451B-8B22-3B24C2D3EBF7}.Release|x64.Build.0 = Release|x64
	EndGlobalSection
	GlobalSection(SolutionProperties) = preSolution
		HideSolutionNode = FALSE
	EndGlobalSection
EndGlobal
