
Microsoft Visual Studio Solution File, Format Version 12.00
# Visual Studio 14
VisualStudioVersion = 14.0.22808.1
MinimumVisualStudioVersion = 10.0.40219.1
Project("{A07B5EB6-E848-4116-A8D0-A826331D98C6}") = "WordCount", "WordCount\WordCount.sfproj", "{DE5D59B0-1752-4CF7-A980-4EDDDBA8935E}"
EndProject
Project("{FAE04EC0-301F-11D3-BF4B-00C04F79EFBC}") = "WordCount.Service", "WordCount.Service\WordCount.Service.csproj", "{6C7C0350-47CE-4811-81E5-2275D32A69AD}"
EndProject
Project("{FAE04EC0-301F-11D3-BF4B-00C04F79EFBC}") = "WordCount.WebService", "WordCount.WebService\WordCount.WebService.csproj", "{84EF84AD-13F8-48AF-B1A9-CD464D52474C}"
EndProject
Project("{FAE04EC0-301F-11D3-BF4B-00C04F79EFBC}") = "WordCount.Common", "WordCount.Common\WordCount.Common.csproj", "{BC38F530-FE66-461B-9CCF-37380BFCCBB8}"
EndProject
Global
	GlobalSection(SolutionConfigurationPlatforms) = preSolution
		Debug|x64 = Debug|x64
		Release|x64 = Release|x64
	EndGlobalSection
	GlobalSection(ProjectConfigurationPlatforms) = postSolution
		{DE5D59B0-1752-4CF7-A980-4EDDDBA8935E}.Debug|x64.ActiveCfg = Debug|x64
		{DE5D59B0-1752-4CF7-A980-4EDDDBA8935E}.Debug|x64.Build.0 = Debug|x64
		{DE5D59B0-1752-4CF7-A980-4EDDDBA8935E}.Debug|x64.Deploy.0 = Debug|x64
		{DE5D59B0-1752-4CF7-A980-4EDDDBA8935E}.Release|x64.ActiveCfg = Release|x64
		{DE5D59B0-1752-4CF7-A980-4EDDDBA8935E}.Release|x64.Build.0 = Release|x64
		{DE5D59B0-1752-4CF7-A980-4EDDDBA8935E}.Release|x64.Deploy.0 = Release|x64
		{6C7C0350-47CE-4811-81E5-2275D32A69AD}.Debug|x64.ActiveCfg = Debug|x64
		{6C7C0350-47CE-4811-81E5-2275D32A69AD}.Debug|x64.Build.0 = Debug|x64
		{6C7C0350-47CE-4811-81E5-2275D32A69AD}.Release|x64.ActiveCfg = Release|x64
		{6C7C0350-47CE-4811-81E5-2275D32A69AD}.Release|x64.Build.0 = Release|x64
		{84EF84AD-13F8-48AF-B1A9-CD464D52474C}.Debug|x64.ActiveCfg = Debug|x64
		{84EF84AD-13F8-48AF-B1A9-CD464D52474C}.Debug|x64.Build.0 = Debug|x64
		{84EF84AD-13F8-48AF-B1A9-CD464D52474C}.Release|x64.ActiveCfg = Release|x64
		{84EF84AD-13F8-48AF-B1A9-CD464D52474C}.Release|x64.Build.0 = Release|x64
		{BC38F530-FE66-461B-9CCF-37380BFCCBB8}.Debug|x64.ActiveCfg = Debug|x64
		{BC38F530-FE66-461B-9CCF-37380BFCCBB8}.Debug|x64.Build.0 = Debug|x64
		{BC38F530-FE66-461B-9CCF-37380BFCCBB8}.Release|x64.ActiveCfg = Release|x64
		{BC38F530-FE66-461B-9CCF-37380BFCCBB8}.Release|x64.Build.0 = Release|x64
	EndGlobalSection
	GlobalSection(SolutionProperties) = preSolution
		HideSolutionNode = FALSE
	EndGlobalSection
EndGlobal
